
Microsoft Visual Studio Solution File, Format Version 12.00
# Visual Studio Version 17
VisualStudioVersion = 17.9.34728.123
MinimumVisualStudioVersion = 10.0.40219.1
Project("{9A19103F-16F7-4668-BE54-9A1E7A4F7556}") = "AndreVeiculos.Payment", "AndreVeiculos\AndreVeiculos.Payment.csproj", "{7D7DD65E-E600-4A49-AE5E-5E5283228A75}"
EndProject
Project("{9A19103F-16F7-4668-BE54-9A1E7A4F7556}") = "Repositories", "Repositories\Repositories.csproj", "{30FFC633-935A-4095-A8C5-3387A9B31E4A}"
EndProject
Project("{9A19103F-16F7-4668-BE54-9A1E7A4F7556}") = "AndreVeiculos.Car", "AndreVeiculos.Car\AndreVeiculos.Car.csproj", "{3DF5919A-1516-480C-91EA-6B41ECB09765}"
EndProject
Project("{9A19103F-16F7-4668-BE54-9A1E7A4F7556}") = "AndreVeiculos.Job", "AndreVeiculos.Job\AndreVeiculos.Job.csproj", "{11F66EC7-CCE5-48A3-BFB7-BAED91092F94}"
EndProject
Project("{9A19103F-16F7-4668-BE54-9A1E7A4F7556}") = "AndreVeiculos.CarJob", "AndreVeiculos.CarJob\AndreVeiculos.CarJob.csproj", "{0483933E-C9DD-4145-85AA-6C135D488DA5}"
EndProject
Project("{9A19103F-16F7-4668-BE54-9A1E7A4F7556}") = "AndreVeiculos.Address", "AndreVeiculos.Address\AndreVeiculos.Address.csproj", "{E37FD872-90AB-4CB1-A02F-5CC8870ADC4D}"
EndProject
Project("{9A19103F-16F7-4668-BE54-9A1E7A4F7556}") = "AndreVeiculos.Client", "AndreVeiculos.Client\AndreVeiculos.Client.csproj", "{4B82C442-3BDE-4E04-B8E8-B3FB5ABA25DB}"
EndProject
Project("{9A19103F-16F7-4668-BE54-9A1E7A4F7556}") = "AndreVeiculos.Employee", "AndreVeiculos.Employee\AndreVeiculos.Employee.csproj", "{1910D286-7C84-4AE8-85A3-18B250BD0CFC}"
EndProject
Project("{9A19103F-16F7-4668-BE54-9A1E7A4F7556}") = "AndreVeiculos.Purchase", "AndreVeiculos.Purchase\AndreVeiculos.Purchase.csproj", "{E9397040-2EB7-404C-BDCB-D80170C3E259}"
EndProject
Project("{9A19103F-16F7-4668-BE54-9A1E7A4F7556}") = "AndreVeiculos.Sale", "AndreVeiculos.Sale\AndreVeiculos.Sale.csproj", "{ADE07ED9-9FEC-4A9F-BA88-3D4A157C22C9}"
EndProject
Project("{9A19103F-16F7-4668-BE54-9A1E7A4F7556}") = "Tests", "Tests\Tests.csproj", "{39FD4621-236F-433D-BE53-544646413BFF}"
EndProject
Project("{9A19103F-16F7-4668-BE54-9A1E7A4F7556}") = "Models", "Models\Models.csproj", "{3E191097-3254-4EAC-81F7-253AEFC9EB1C}"
EndProject
Project("{9A19103F-16F7-4668-BE54-9A1E7A4F7556}") = "AndreVeiculos.Financing", "AndreVeiculos.Financing\AndreVeiculos.Financing.csproj", "{5C860FA1-8ED5-4B0D-AEC9-36FC0B976B8A}"
EndProject
Project("{9A19103F-16F7-4668-BE54-9A1E7A4F7556}") = "AndreVeiculos.Bank", "AndreVeiculos.Bank\AndreVeiculos.Bank.csproj", "{64DB01B6-8DB1-4542-BF63-35C13D258706}"
EndProject
Project("{9A19103F-16F7-4668-BE54-9A1E7A4F7556}") = "MongoServices", "MongoServices\MongoServices.csproj", "{F70A00B4-0DFF-47A5-874C-917450621128}"
EndProject
Project("{9A19103F-16F7-4668-BE54-9A1E7A4F7556}") = "AndreVeiculos.Driver", "AndreVeiculos.Driver\AndreVeiculos.Driver.csproj", "{A7B05989-2ED2-49D7-9549-5ED2EDA3E950}"
EndProject
Project("{9A19103F-16F7-4668-BE54-9A1E7A4F7556}") = "AndreVeiculos.Insurance", "AndreVeiculos.Insurance\AndreVeiculos.Insurance.csproj", "{19664725-E19F-4C44-B675-F23776150E42}"
EndProject
Project("{9A19103F-16F7-4668-BE54-9A1E7A4F7556}") = "AndreVeiculos.Relative", "AndreVeiculos.Relative\AndreVeiculos.Relative.csproj", "{0E9090D6-21D3-4E07-A528-CB10964A2985}"
EndProject
Project("{9A19103F-16F7-4668-BE54-9A1E7A4F7556}") = "AndreVeiculos.FinancialPending", "AndreVeiculos.FinancialPending\AndreVeiculos.FinancialPending.csproj", "{5223C95C-C037-42BF-BA21-38A022A658D5}"
EndProject
Project("{9A19103F-16F7-4668-BE54-9A1E7A4F7556}") = "AndreVeiculos.TermsOfUse", "AndreVeiculos.TermsOfUse\AndreVeiculos.TermsOfUse.csproj", "{55666290-9FEF-475D-84EC-41697075272E}"
EndProject
Project("{FAE04EC0-301F-11D3-BF4B-00C04F79EFBC}") = "AndreVeiculos.Test", "AndreVeiculos.Test\AndreVeiculos.Test.csproj", "{EFD2BB58-E85B-4690-BE57-089B946B0AA8}"
EndProject
Global
	GlobalSection(SolutionConfigurationPlatforms) = preSolution
		Debug|Any CPU = Debug|Any CPU
		Release|Any CPU = Release|Any CPU
	EndGlobalSection
	GlobalSection(ProjectConfigurationPlatforms) = postSolution
		{7D7DD65E-E600-4A49-AE5E-5E5283228A75}.Debug|Any CPU.ActiveCfg = Debug|Any CPU
		{7D7DD65E-E600-4A49-AE5E-5E5283228A75}.Debug|Any CPU.Build.0 = Debug|Any CPU
		{7D7DD65E-E600-4A49-AE5E-5E5283228A75}.Release|Any CPU.ActiveCfg = Release|Any CPU
		{7D7DD65E-E600-4A49-AE5E-5E5283228A75}.Release|Any CPU.Build.0 = Release|Any CPU
		{30FFC633-935A-4095-A8C5-3387A9B31E4A}.Debug|Any CPU.ActiveCfg = Debug|Any CPU
		{30FFC633-935A-4095-A8C5-3387A9B31E4A}.Debug|Any CPU.Build.0 = Debug|Any CPU
		{30FFC633-935A-4095-A8C5-3387A9B31E4A}.Release|Any CPU.ActiveCfg = Release|Any CPU
		{30FFC633-935A-4095-A8C5-3387A9B31E4A}.Release|Any CPU.Build.0 = Release|Any CPU
		{3DF5919A-1516-480C-91EA-6B41ECB09765}.Debug|Any CPU.ActiveCfg = Debug|Any CPU
		{3DF5919A-1516-480C-91EA-6B41ECB09765}.Debug|Any CPU.Build.0 = Debug|Any CPU
		{3DF5919A-1516-480C-91EA-6B41ECB09765}.Release|Any CPU.ActiveCfg = Release|Any CPU
		{3DF5919A-1516-480C-91EA-6B41ECB09765}.Release|Any CPU.Build.0 = Release|Any CPU
		{11F66EC7-CCE5-48A3-BFB7-BAED91092F94}.Debug|Any CPU.ActiveCfg = Debug|Any CPU
		{11F66EC7-CCE5-48A3-BFB7-BAED91092F94}.Debug|Any CPU.Build.0 = Debug|Any CPU
		{11F66EC7-CCE5-48A3-BFB7-BAED91092F94}.Release|Any CPU.ActiveCfg = Release|Any CPU
		{11F66EC7-CCE5-48A3-BFB7-BAED91092F94}.Release|Any CPU.Build.0 = Release|Any CPU
		{0483933E-C9DD-4145-85AA-6C135D488DA5}.Debug|Any CPU.ActiveCfg = Debug|Any CPU
		{0483933E-C9DD-4145-85AA-6C135D488DA5}.Debug|Any CPU.Build.0 = Debug|Any CPU
		{0483933E-C9DD-4145-85AA-6C135D488DA5}.Release|Any CPU.ActiveCfg = Release|Any CPU
		{0483933E-C9DD-4145-85AA-6C135D488DA5}.Release|Any CPU.Build.0 = Release|Any CPU
		{E37FD872-90AB-4CB1-A02F-5CC8870ADC4D}.Debug|Any CPU.ActiveCfg = Debug|Any CPU
		{E37FD872-90AB-4CB1-A02F-5CC8870ADC4D}.Debug|Any CPU.Build.0 = Debug|Any CPU
		{E37FD872-90AB-4CB1-A02F-5CC8870ADC4D}.Release|Any CPU.ActiveCfg = Release|Any CPU
		{E37FD872-90AB-4CB1-A02F-5CC8870ADC4D}.Release|Any CPU.Build.0 = Release|Any CPU
		{4B82C442-3BDE-4E04-B8E8-B3FB5ABA25DB}.Debug|Any CPU.ActiveCfg = Debug|Any CPU
		{4B82C442-3BDE-4E04-B8E8-B3FB5ABA25DB}.Debug|Any CPU.Build.0 = Debug|Any CPU
		{4B82C442-3BDE-4E04-B8E8-B3FB5ABA25DB}.Release|Any CPU.ActiveCfg = Release|Any CPU
		{4B82C442-3BDE-4E04-B8E8-B3FB5ABA25DB}.Release|Any CPU.Build.0 = Release|Any CPU
		{1910D286-7C84-4AE8-85A3-18B250BD0CFC}.Debug|Any CPU.ActiveCfg = Debug|Any CPU
		{1910D286-7C84-4AE8-85A3-18B250BD0CFC}.Debug|Any CPU.Build.0 = Debug|Any CPU
		{1910D286-7C84-4AE8-85A3-18B250BD0CFC}.Release|Any CPU.ActiveCfg = Release|Any CPU
		{1910D286-7C84-4AE8-85A3-18B250BD0CFC}.Release|Any CPU.Build.0 = Release|Any CPU
		{E9397040-2EB7-404C-BDCB-D80170C3E259}.Debug|Any CPU.ActiveCfg = Debug|Any CPU
		{E9397040-2EB7-404C-BDCB-D80170C3E259}.Debug|Any CPU.Build.0 = Debug|Any CPU
		{E9397040-2EB7-404C-BDCB-D80170C3E259}.Release|Any CPU.ActiveCfg = Release|Any CPU
		{E9397040-2EB7-404C-BDCB-D80170C3E259}.Release|Any CPU.Build.0 = Release|Any CPU
		{ADE07ED9-9FEC-4A9F-BA88-3D4A157C22C9}.Debug|Any CPU.ActiveCfg = Debug|Any CPU
		{ADE07ED9-9FEC-4A9F-BA88-3D4A157C22C9}.Debug|Any CPU.Build.0 = Debug|Any CPU
		{ADE07ED9-9FEC-4A9F-BA88-3D4A157C22C9}.Release|Any CPU.ActiveCfg = Release|Any CPU
		{ADE07ED9-9FEC-4A9F-BA88-3D4A157C22C9}.Release|Any CPU.Build.0 = Release|Any CPU
		{39FD4621-236F-433D-BE53-544646413BFF}.Debug|Any CPU.ActiveCfg = Debug|Any CPU
		{39FD4621-236F-433D-BE53-544646413BFF}.Debug|Any CPU.Build.0 = Debug|Any CPU
		{39FD4621-236F-433D-BE53-544646413BFF}.Release|Any CPU.ActiveCfg = Release|Any CPU
		{39FD4621-236F-433D-BE53-544646413BFF}.Release|Any CPU.Build.0 = Release|Any CPU
		{3E191097-3254-4EAC-81F7-253AEFC9EB1C}.Debug|Any CPU.ActiveCfg = Debug|Any CPU
		{3E191097-3254-4EAC-81F7-253AEFC9EB1C}.Debug|Any CPU.Build.0 = Debug|Any CPU
		{3E191097-3254-4EAC-81F7-253AEFC9EB1C}.Release|Any CPU.ActiveCfg = Release|Any CPU
		{3E191097-3254-4EAC-81F7-253AEFC9EB1C}.Release|Any CPU.Build.0 = Release|Any CPU
		{5C860FA1-8ED5-4B0D-AEC9-36FC0B976B8A}.Debug|Any CPU.ActiveCfg = Debug|Any CPU
		{5C860FA1-8ED5-4B0D-AEC9-36FC0B976B8A}.Debug|Any CPU.Build.0 = Debug|Any CPU
		{5C860FA1-8ED5-4B0D-AEC9-36FC0B976B8A}.Release|Any CPU.ActiveCfg = Release|Any CPU
		{5C860FA1-8ED5-4B0D-AEC9-36FC0B976B8A}.Release|Any CPU.Build.0 = Release|Any CPU
		{64DB01B6-8DB1-4542-BF63-35C13D258706}.Debug|Any CPU.ActiveCfg = Debug|Any CPU
		{64DB01B6-8DB1-4542-BF63-35C13D258706}.Debug|Any CPU.Build.0 = Debug|Any CPU
		{64DB01B6-8DB1-4542-BF63-35C13D258706}.Release|Any CPU.ActiveCfg = Release|Any CPU
		{64DB01B6-8DB1-4542-BF63-35C13D258706}.Release|Any CPU.Build.0 = Release|Any CPU
		{F70A00B4-0DFF-47A5-874C-917450621128}.Debug|Any CPU.ActiveCfg = Debug|Any CPU
		{F70A00B4-0DFF-47A5-874C-917450621128}.Debug|Any CPU.Build.0 = Debug|Any CPU
		{F70A00B4-0DFF-47A5-874C-917450621128}.Release|Any CPU.ActiveCfg = Release|Any CPU
		{F70A00B4-0DFF-47A5-874C-917450621128}.Release|Any CPU.Build.0 = Release|Any CPU
		{A7B05989-2ED2-49D7-9549-5ED2EDA3E950}.Debug|Any CPU.ActiveCfg = Debug|Any CPU
		{A7B05989-2ED2-49D7-9549-5ED2EDA3E950}.Debug|Any CPU.Build.0 = Debug|Any CPU
		{A7B05989-2ED2-49D7-9549-5ED2EDA3E950}.Release|Any CPU.ActiveCfg = Release|Any CPU
		{A7B05989-2ED2-49D7-9549-5ED2EDA3E950}.Release|Any CPU.Build.0 = Release|Any CPU
		{19664725-E19F-4C44-B675-F23776150E42}.Debug|Any CPU.ActiveCfg = Debug|Any CPU
		{19664725-E19F-4C44-B675-F23776150E42}.Debug|Any CPU.Build.0 = Debug|Any CPU
		{19664725-E19F-4C44-B675-F23776150E42}.Release|Any CPU.ActiveCfg = Release|Any CPU
		{19664725-E19F-4C44-B675-F23776150E42}.Release|Any CPU.Build.0 = Release|Any CPU
		{0E9090D6-21D3-4E07-A528-CB10964A2985}.Debug|Any CPU.ActiveCfg = Debug|Any CPU
		{0E9090D6-21D3-4E07-A528-CB10964A2985}.Debug|Any CPU.Build.0 = Debug|Any CPU
		{0E9090D6-21D3-4E07-A528-CB10964A2985}.Release|Any CPU.ActiveCfg = Release|Any CPU
		{0E9090D6-21D3-4E07-A528-CB10964A2985}.Release|Any CPU.Build.0 = Release|Any CPU
		{5223C95C-C037-42BF-BA21-38A022A658D5}.Debug|Any CPU.ActiveCfg = Debug|Any CPU
		{5223C95C-C037-42BF-BA21-38A022A658D5}.Debug|Any CPU.Build.0 = Debug|Any CPU
		{5223C95C-C037-42BF-BA21-38A022A658D5}.Release|Any CPU.ActiveCfg = Release|Any CPU
		{5223C95C-C037-42BF-BA21-38A022A658D5}.Release|Any CPU.Build.0 = Release|Any CPU
		{55666290-9FEF-475D-84EC-41697075272E}.Debug|Any CPU.ActiveCfg = Debug|Any CPU
		{55666290-9FEF-475D-84EC-41697075272E}.Debug|Any CPU.Build.0 = Debug|Any CPU
		{55666290-9FEF-475D-84EC-41697075272E}.Release|Any CPU.ActiveCfg = Release|Any CPU
		{55666290-9FEF-475D-84EC-41697075272E}.Release|Any CPU.Build.0 = Release|Any CPU
		{EFD2BB58-E85B-4690-BE57-089B946B0AA8}.Debug|Any CPU.ActiveCfg = Debug|Any CPU
		{EFD2BB58-E85B-4690-BE57-089B946B0AA8}.Debug|Any CPU.Build.0 = Debug|Any CPU
		{EFD2BB58-E85B-4690-BE57-089B946B0AA8}.Release|Any CPU.ActiveCfg = Release|Any CPU
		{EFD2BB58-E85B-4690-BE57-089B946B0AA8}.Release|Any CPU.Build.0 = Release|Any CPU
	EndGlobalSection
	GlobalSection(SolutionProperties) = preSolution
		HideSolutionNode = FALSE
	EndGlobalSection
	GlobalSection(ExtensibilityGlobals) = postSolution
		SolutionGuid = {90AA3404-AAD4-41E8-B114-AD0DA55BB4B2}
	EndGlobalSection
EndGlobal
